
Microsoft Visual Studio Solution File, Format Version 12.00
# Visual Studio 15
VisualStudioVersion = 15.0.27703.2000
MinimumVisualStudioVersion = 10.0.40219.1
Project("{FAE04EC0-301F-11D3-BF4B-00C04F79EFBC}") = "Game1", "Game1\Game1.csproj", "{966691F2-2DA9-4EC8-B3F6-BC6DB8F6E8FD}"
EndProject
Global
	GlobalSection(SolutionConfigurationPlatforms) = preSolution
		Debug|x86 = Debug|x86
		Release|x86 = Release|x86
	EndGlobalSection
	GlobalSection(ProjectConfigurationPlatforms) = postSolution
		{966691F2-2DA9-4EC8-B3F6-BC6DB8F6E8FD}.Debug|x86.ActiveCfg = Debug|x86
		{966691F2-2DA9-4EC8-B3F6-BC6DB8F6E8FD}.Debug|x86.Build.0 = Debug|x86
		{966691F2-2DA9-4EC8-B3F6-BC6DB8F6E8FD}.Release|x86.ActiveCfg = Release|x86
		{966691F2-2DA9-4EC8-B3F6-BC6DB8F6E8FD}.Release|x86.Build.0 = Release|x86
	EndGlobalSection
	GlobalSection(SolutionProperties) = preSolution
		HideSolutionNode = FALSE
	EndGlobalSection
	GlobalSection(ExtensibilityGlobals) = postSolution
		SolutionGuid = {D090C331-7249-4C99-92F9-B13633670B72}
	EndGlobalSection
EndGlobal
